// !$*UTF8*$!
{
	archiveVersion = 1;
	classes = {
	};
	objectVersion = 55;
	objects = {

/* Begin PBXBuildFile section */
		4CA9790DA7714DDB100DDF27 /* libPods-Test.a in Frameworks */ = {isa = PBXBuildFile; fileRef = C43755950A952B7155C9FB63 /* libPods-Test.a */; };
		BF07BEB3279F9C37005B323A /* TextViewController.m in Sources */ = {isa = PBXBuildFile; fileRef = BF07BEB2279F9C37005B323A /* TextViewController.m */; };
		BF07BEB6279F9F22005B323A /* IndexViewController.m in Sources */ = {isa = PBXBuildFile; fileRef = BF07BEB5279F9F22005B323A /* IndexViewController.m */; };
		BF07BEB9279FA01B005B323A /* BaseViewController.m in Sources */ = {isa = PBXBuildFile; fileRef = BF07BEB8279FA01B005B323A /* BaseViewController.m */; };
		BF07BEBD279FA1E3005B323A /* KeyBoardViewController.m in Sources */ = {isa = PBXBuildFile; fileRef = BF07BEBC279FA1E3005B323A /* KeyBoardViewController.m */; };
		BF07BEC1279FA778005B323A /* TextShowView.m in Sources */ = {isa = PBXBuildFile; fileRef = BF07BEC0279FA778005B323A /* TextShowView.m */; };
		BF28E1DF279A546C0054E838 /* AppDelegate.m in Sources */ = {isa = PBXBuildFile; fileRef = BF28E1DE279A546C0054E838 /* AppDelegate.m */; };
		BF28E1E2279A546C0054E838 /* SceneDelegate.m in Sources */ = {isa = PBXBuildFile; fileRef = BF28E1E1279A546C0054E838 /* SceneDelegate.m */; };
		BF28E1E5279A546C0054E838 /* ViewController.m in Sources */ = {isa = PBXBuildFile; fileRef = BF28E1E4279A546C0054E838 /* ViewController.m */; };
		BF28E1E8279A546C0054E838 /* Main.storyboard in Resources */ = {isa = PBXBuildFile; fileRef = BF28E1E6279A546C0054E838 /* Main.storyboard */; };
		BF28E1EA279A546E0054E838 /* Assets.xcassets in Resources */ = {isa = PBXBuildFile; fileRef = BF28E1E9279A546E0054E838 /* Assets.xcassets */; };
		BF28E1ED279A546E0054E838 /* LaunchScreen.storyboard in Resources */ = {isa = PBXBuildFile; fileRef = BF28E1EB279A546E0054E838 /* LaunchScreen.storyboard */; };
		BF28E1F0279A546E0054E838 /* main.m in Sources */ = {isa = PBXBuildFile; fileRef = BF28E1EF279A546E0054E838 /* main.m */; };
		BF72447D27F8475C0029FCBE /* EventViewController.m in Sources */ = {isa = PBXBuildFile; fileRef = BF72447C27F8475C0029FCBE /* EventViewController.m */; };
		BF72448027F8477E0029FCBE /* EventView.m in Sources */ = {isa = PBXBuildFile; fileRef = BF72447F27F8477E0029FCBE /* EventView.m */; };
		BF72448427F857060029FCBE /* ViewReusePool.m in Sources */ = {isa = PBXBuildFile; fileRef = BF72448327F857060029FCBE /* ViewReusePool.m */; };
		BF72448727F857440029FCBE /* IndexedTableView.m in Sources */ = {isa = PBXBuildFile; fileRef = BF72448627F857440029FCBE /* IndexedTableView.m */; };
		BF72448A27F857730029FCBE /* ViewReusePoolViewController.m in Sources */ = {isa = PBXBuildFile; fileRef = BF72448927F857730029FCBE /* ViewReusePoolViewController.m */; };
		BFB87CFE27F4343400BABE54 /* CategoryController.m in Sources */ = {isa = PBXBuildFile; fileRef = BFB87CFD27F4343400BABE54 /* CategoryController.m */; };
		BFB87D0127F4345600BABE54 /* CategoryObject.m in Sources */ = {isa = PBXBuildFile; fileRef = BFB87D0027F4345500BABE54 /* CategoryObject.m */; };
		BFB87D0427F4347C00BABE54 /* CategoryObject+AMethod.m in Sources */ = {isa = PBXBuildFile; fileRef = BFB87D0327F4347C00BABE54 /* CategoryObject+AMethod.m */; };
		BFB881AF27F4594900BABE54 /* TestKVOViewController.m in Sources */ = {isa = PBXBuildFile; fileRef = BFB881AE27F4594900BABE54 /* TestKVOViewController.m */; };
		BFB881B227F45CC200BABE54 /* TestKVObject.m in Sources */ = {isa = PBXBuildFile; fileRef = BFB881B127F45CC200BABE54 /* TestKVObject.m */; };
		BFB8899327F5492100BABE54 /* NSObject+Hello.m in Sources */ = {isa = PBXBuildFile; fileRef = BFB8899227F5492100BABE54 /* NSObject+Hello.m */; };
		BFB8899727F559E600BABE54 /* MethodForwardViewController.m in Sources */ = {isa = PBXBuildFile; fileRef = BFB8899627F559E600BABE54 /* MethodForwardViewController.m */; };
		BFB8899A27F55BEE00BABE54 /* MethodForwardTarget.m in Sources */ = {isa = PBXBuildFile; fileRef = BFB8899927F55BEE00BABE54 /* MethodForwardTarget.m */; };
		BFE4062927F5BBE8007F1E90 /* BlockTestViewController.m in Sources */ = {isa = PBXBuildFile; fileRef = BFE4062827F5BBE8007F1E90 /* BlockTestViewController.m */; };
		BFE4062D27F5C76D007F1E90 /* UIViewController+color.m in Sources */ = {isa = PBXBuildFile; fileRef = BFE4062C27F5C76D007F1E90 /* UIViewController+color.m */; };
		BFE4063127F5DBEA007F1E90 /* GCDViewController.m in Sources */ = {isa = PBXBuildFile; fileRef = BFE4063027F5DBEA007F1E90 /* GCDViewController.m */; };
		BFE4063527F6A060007F1E90 /* LockViewController.m in Sources */ = {isa = PBXBuildFile; fileRef = BFE4063427F6A060007F1E90 /* LockViewController.m */; };
		BFE40DDA27F6D613007F1E90 /* RunLoopViewController.m in Sources */ = {isa = PBXBuildFile; fileRef = BFE40DD927F6D612007F1E90 /* RunLoopViewController.m */; };
/* End PBXBuildFile section */

/* Begin PBXFileReference section */
		7A9AF2D05EBFD6C6C3A9A37A /* Pods-Test.debug.xcconfig */ = {isa = PBXFileReference; includeInIndex = 1; lastKnownFileType = text.xcconfig; name = "Pods-Test.debug.xcconfig"; path = "Target Support Files/Pods-Test/Pods-Test.debug.xcconfig"; sourceTree = "<group>"; };
		BF07BEB1279F9C36005B323A /* TextViewController.h */ = {isa = PBXFileReference; lastKnownFileType = sourcecode.c.h; path = TextViewController.h; sourceTree = "<group>"; };
		BF07BEB2279F9C37005B323A /* TextViewController.m */ = {isa = PBXFileReference; lastKnownFileType = sourcecode.c.objc; path = TextViewController.m; sourceTree = "<group>"; };
		BF07BEB4279F9F22005B323A /* IndexViewController.h */ = {isa = PBXFileReference; lastKnownFileType = sourcecode.c.h; path = IndexViewController.h; sourceTree = "<group>"; };
		BF07BEB5279F9F22005B323A /* IndexViewController.m */ = {isa = PBXFileReference; lastKnownFileType = sourcecode.c.objc; path = IndexViewController.m; sourceTree = "<group>"; };
		BF07BEB7279FA01B005B323A /* BaseViewController.h */ = {isa = PBXFileReference; lastKnownFileType = sourcecode.c.h; path = BaseViewController.h; sourceTree = "<group>"; };
		BF07BEB8279FA01B005B323A /* BaseViewController.m */ = {isa = PBXFileReference; lastKnownFileType = sourcecode.c.objc; path = BaseViewController.m; sourceTree = "<group>"; };
		BF07BEBB279FA1E3005B323A /* KeyBoardViewController.h */ = {isa = PBXFileReference; lastKnownFileType = sourcecode.c.h; path = KeyBoardViewController.h; sourceTree = "<group>"; };
		BF07BEBC279FA1E3005B323A /* KeyBoardViewController.m */ = {isa = PBXFileReference; lastKnownFileType = sourcecode.c.objc; path = KeyBoardViewController.m; sourceTree = "<group>"; };
		BF07BEBF279FA778005B323A /* TextShowView.h */ = {isa = PBXFileReference; lastKnownFileType = sourcecode.c.h; path = TextShowView.h; sourceTree = "<group>"; };
		BF07BEC0279FA778005B323A /* TextShowView.m */ = {isa = PBXFileReference; lastKnownFileType = sourcecode.c.objc; path = TextShowView.m; sourceTree = "<group>"; };
		BF28E1DA279A546C0054E838 /* Test.app */ = {isa = PBXFileReference; explicitFileType = wrapper.application; includeInIndex = 0; path = Test.app; sourceTree = BUILT_PRODUCTS_DIR; };
		BF28E1DD279A546C0054E838 /* AppDelegate.h */ = {isa = PBXFileReference; lastKnownFileType = sourcecode.c.h; path = AppDelegate.h; sourceTree = "<group>"; };
		BF28E1DE279A546C0054E838 /* AppDelegate.m */ = {isa = PBXFileReference; lastKnownFileType = sourcecode.c.objc; path = AppDelegate.m; sourceTree = "<group>"; };
		BF28E1E0279A546C0054E838 /* SceneDelegate.h */ = {isa = PBXFileReference; lastKnownFileType = sourcecode.c.h; path = SceneDelegate.h; sourceTree = "<group>"; };
		BF28E1E1279A546C0054E838 /* SceneDelegate.m */ = {isa = PBXFileReference; lastKnownFileType = sourcecode.c.objc; path = SceneDelegate.m; sourceTree = "<group>"; };
		BF28E1E3279A546C0054E838 /* ViewController.h */ = {isa = PBXFileReference; lastKnownFileType = sourcecode.c.h; path = ViewController.h; sourceTree = "<group>"; };
		BF28E1E4279A546C0054E838 /* ViewController.m */ = {isa = PBXFileReference; lastKnownFileType = sourcecode.c.objc; path = ViewController.m; sourceTree = "<group>"; };
		BF28E1E7279A546C0054E838 /* Base */ = {isa = PBXFileReference; lastKnownFileType = file.storyboard; name = Base; path = Base.lproj/Main.storyboard; sourceTree = "<group>"; };
		BF28E1E9279A546E0054E838 /* Assets.xcassets */ = {isa = PBXFileReference; lastKnownFileType = folder.assetcatalog; path = Assets.xcassets; sourceTree = "<group>"; };
		BF28E1EC279A546E0054E838 /* Base */ = {isa = PBXFileReference; lastKnownFileType = file.storyboard; name = Base; path = Base.lproj/LaunchScreen.storyboard; sourceTree = "<group>"; };
		BF28E1EE279A546E0054E838 /* Info.plist */ = {isa = PBXFileReference; lastKnownFileType = text.plist.xml; path = Info.plist; sourceTree = "<group>"; };
		BF28E1EF279A546E0054E838 /* main.m */ = {isa = PBXFileReference; lastKnownFileType = sourcecode.c.objc; path = main.m; sourceTree = "<group>"; };
		BF72447B27F8475C0029FCBE /* EventViewController.h */ = {isa = PBXFileReference; lastKnownFileType = sourcecode.c.h; path = EventViewController.h; sourceTree = "<group>"; };
		BF72447C27F8475C0029FCBE /* EventViewController.m */ = {isa = PBXFileReference; lastKnownFileType = sourcecode.c.objc; path = EventViewController.m; sourceTree = "<group>"; };
		BF72447E27F8477E0029FCBE /* EventView.h */ = {isa = PBXFileReference; lastKnownFileType = sourcecode.c.h; path = EventView.h; sourceTree = "<group>"; };
		BF72447F27F8477E0029FCBE /* EventView.m */ = {isa = PBXFileReference; lastKnownFileType = sourcecode.c.objc; path = EventView.m; sourceTree = "<group>"; };
		BF72448227F857060029FCBE /* ViewReusePool.h */ = {isa = PBXFileReference; lastKnownFileType = sourcecode.c.h; path = ViewReusePool.h; sourceTree = "<group>"; };
		BF72448327F857060029FCBE /* ViewReusePool.m */ = {isa = PBXFileReference; lastKnownFileType = sourcecode.c.objc; path = ViewReusePool.m; sourceTree = "<group>"; };
		BF72448527F857440029FCBE /* IndexedTableView.h */ = {isa = PBXFileReference; lastKnownFileType = sourcecode.c.h; path = IndexedTableView.h; sourceTree = "<group>"; };
		BF72448627F857440029FCBE /* IndexedTableView.m */ = {isa = PBXFileReference; lastKnownFileType = sourcecode.c.objc; path = IndexedTableView.m; sourceTree = "<group>"; };
		BF72448827F857730029FCBE /* ViewReusePoolViewController.h */ = {isa = PBXFileReference; lastKnownFileType = sourcecode.c.h; path = ViewReusePoolViewController.h; sourceTree = "<group>"; };
		BF72448927F857730029FCBE /* ViewReusePoolViewController.m */ = {isa = PBXFileReference; lastKnownFileType = sourcecode.c.objc; path = ViewReusePoolViewController.m; sourceTree = "<group>"; };
		BFB87CFC27F4343400BABE54 /* CategoryController.h */ = {isa = PBXFileReference; lastKnownFileType = sourcecode.c.h; path = CategoryController.h; sourceTree = "<group>"; };
		BFB87CFD27F4343400BABE54 /* CategoryController.m */ = {isa = PBXFileReference; lastKnownFileType = sourcecode.c.objc; path = CategoryController.m; sourceTree = "<group>"; };
		BFB87CFF27F4345500BABE54 /* CategoryObject.h */ = {isa = PBXFileReference; lastKnownFileType = sourcecode.c.h; path = CategoryObject.h; sourceTree = "<group>"; };
		BFB87D0027F4345500BABE54 /* CategoryObject.m */ = {isa = PBXFileReference; lastKnownFileType = sourcecode.c.objc; path = CategoryObject.m; sourceTree = "<group>"; };
		BFB87D0227F4347C00BABE54 /* CategoryObject+AMethod.h */ = {isa = PBXFileReference; lastKnownFileType = sourcecode.c.h; path = "CategoryObject+AMethod.h"; sourceTree = "<group>"; };
		BFB87D0327F4347C00BABE54 /* CategoryObject+AMethod.m */ = {isa = PBXFileReference; lastKnownFileType = sourcecode.c.objc; path = "CategoryObject+AMethod.m"; sourceTree = "<group>"; };
		BFB881AD27F4594900BABE54 /* TestKVOViewController.h */ = {isa = PBXFileReference; lastKnownFileType = sourcecode.c.h; path = TestKVOViewController.h; sourceTree = "<group>"; };
		BFB881AE27F4594900BABE54 /* TestKVOViewController.m */ = {isa = PBXFileReference; lastKnownFileType = sourcecode.c.objc; path = TestKVOViewController.m; sourceTree = "<group>"; };
		BFB881B027F45CC200BABE54 /* TestKVObject.h */ = {isa = PBXFileReference; lastKnownFileType = sourcecode.c.h; path = TestKVObject.h; sourceTree = "<group>"; };
		BFB881B127F45CC200BABE54 /* TestKVObject.m */ = {isa = PBXFileReference; lastKnownFileType = sourcecode.c.objc; path = TestKVObject.m; sourceTree = "<group>"; };
		BFB8899127F5492100BABE54 /* NSObject+Hello.h */ = {isa = PBXFileReference; lastKnownFileType = sourcecode.c.h; path = "NSObject+Hello.h"; sourceTree = "<group>"; };
		BFB8899227F5492100BABE54 /* NSObject+Hello.m */ = {isa = PBXFileReference; lastKnownFileType = sourcecode.c.objc; path = "NSObject+Hello.m"; sourceTree = "<group>"; };
		BFB8899527F559E600BABE54 /* MethodForwardViewController.h */ = {isa = PBXFileReference; lastKnownFileType = sourcecode.c.h; path = MethodForwardViewController.h; sourceTree = "<group>"; };
		BFB8899627F559E600BABE54 /* MethodForwardViewController.m */ = {isa = PBXFileReference; lastKnownFileType = sourcecode.c.objc; path = MethodForwardViewController.m; sourceTree = "<group>"; };
		BFB8899827F55BEE00BABE54 /* MethodForwardTarget.h */ = {isa = PBXFileReference; lastKnownFileType = sourcecode.c.h; path = MethodForwardTarget.h; sourceTree = "<group>"; };
		BFB8899927F55BEE00BABE54 /* MethodForwardTarget.m */ = {isa = PBXFileReference; lastKnownFileType = sourcecode.c.objc; path = MethodForwardTarget.m; sourceTree = "<group>"; };
		BFE4062727F5BBE8007F1E90 /* BlockTestViewController.h */ = {isa = PBXFileReference; lastKnownFileType = sourcecode.c.h; path = BlockTestViewController.h; sourceTree = "<group>"; };
		BFE4062827F5BBE8007F1E90 /* BlockTestViewController.m */ = {isa = PBXFileReference; lastKnownFileType = sourcecode.c.objc; path = BlockTestViewController.m; sourceTree = "<group>"; };
		BFE4062B27F5C76D007F1E90 /* UIViewController+color.h */ = {isa = PBXFileReference; lastKnownFileType = sourcecode.c.h; path = "UIViewController+color.h"; sourceTree = "<group>"; };
		BFE4062C27F5C76D007F1E90 /* UIViewController+color.m */ = {isa = PBXFileReference; lastKnownFileType = sourcecode.c.objc; path = "UIViewController+color.m"; sourceTree = "<group>"; };
		BFE4062F27F5DBEA007F1E90 /* GCDViewController.h */ = {isa = PBXFileReference; lastKnownFileType = sourcecode.c.h; path = GCDViewController.h; sourceTree = "<group>"; };
		BFE4063027F5DBEA007F1E90 /* GCDViewController.m */ = {isa = PBXFileReference; lastKnownFileType = sourcecode.c.objc; path = GCDViewController.m; sourceTree = "<group>"; };
		BFE4063327F6A060007F1E90 /* LockViewController.h */ = {isa = PBXFileReference; lastKnownFileType = sourcecode.c.h; path = LockViewController.h; sourceTree = "<group>"; };
		BFE4063427F6A060007F1E90 /* LockViewController.m */ = {isa = PBXFileReference; lastKnownFileType = sourcecode.c.objc; path = LockViewController.m; sourceTree = "<group>"; };
		BFE40DD827F6D612007F1E90 /* RunLoopViewController.h */ = {isa = PBXFileReference; lastKnownFileType = sourcecode.c.h; path = RunLoopViewController.h; sourceTree = "<group>"; };
		BFE40DD927F6D612007F1E90 /* RunLoopViewController.m */ = {isa = PBXFileReference; lastKnownFileType = sourcecode.c.objc; path = RunLoopViewController.m; sourceTree = "<group>"; };
		C43755950A952B7155C9FB63 /* libPods-Test.a */ = {isa = PBXFileReference; explicitFileType = archive.ar; includeInIndex = 0; path = "libPods-Test.a"; sourceTree = BUILT_PRODUCTS_DIR; };
		DFC30AB3A755FC7F452140A0 /* Pods-Test.release.xcconfig */ = {isa = PBXFileReference; includeInIndex = 1; lastKnownFileType = text.xcconfig; name = "Pods-Test.release.xcconfig"; path = "Target Support Files/Pods-Test/Pods-Test.release.xcconfig"; sourceTree = "<group>"; };
/* End PBXFileReference section */

/* Begin PBXFrameworksBuildPhase section */
		BF28E1D7279A546C0054E838 /* Frameworks */ = {
			isa = PBXFrameworksBuildPhase;
			buildActionMask = 2147483647;
			files = (
				4CA9790DA7714DDB100DDF27 /* libPods-Test.a in Frameworks */,
			);
			runOnlyForDeploymentPostprocessing = 0;
		};
/* End PBXFrameworksBuildPhase section */

/* Begin PBXGroup section */
		160E3E0CE03C7EC4F4F6A2D8 /* Frameworks */ = {
			isa = PBXGroup;
			children = (
				C43755950A952B7155C9FB63 /* libPods-Test.a */,
			);
			name = Frameworks;
			sourceTree = "<group>";
		};
		BF07BEBA279FA082005B323A /* CoreText */ = {
			isa = PBXGroup;
			children = (
				BF07BEB1279F9C36005B323A /* TextViewController.h */,
				BF07BEB2279F9C37005B323A /* TextViewController.m */,
				BF07BEBF279FA778005B323A /* TextShowView.h */,
				BF07BEC0279FA778005B323A /* TextShowView.m */,
			);
			path = CoreText;
			sourceTree = "<group>";
		};
		BF07BEBE279FA67B005B323A /* KeyBoard */ = {
			isa = PBXGroup;
			children = (
				BF07BEBB279FA1E3005B323A /* KeyBoardViewController.h */,
				BF07BEBC279FA1E3005B323A /* KeyBoardViewController.m */,
			);
			path = KeyBoard;
			sourceTree = "<group>";
		};
		BF28E1D1279A546C0054E838 = {
			isa = PBXGroup;
			children = (
				BF28E1DC279A546C0054E838 /* Test */,
				BF28E1DB279A546C0054E838 /* Products */,
				D3E63547DC370C4FE395CBB7 /* Pods */,
				160E3E0CE03C7EC4F4F6A2D8 /* Frameworks */,
			);
			sourceTree = "<group>";
		};
		BF28E1DB279A546C0054E838 /* Products */ = {
			isa = PBXGroup;
			children = (
				BF28E1DA279A546C0054E838 /* Test.app */,
			);
			name = Products;
			sourceTree = "<group>";
		};
		BF28E1DC279A546C0054E838 /* Test */ = {
			isa = PBXGroup;
			children = (
				BF72448127F856F20029FCBE /* ViewReusePool */,
				BF72447A27F847470029FCBE /* Events */,
				BFE40DD727F6D5F5007F1E90 /* RunLoop */,
				BFE4063227F6A047007F1E90 /* Lock */,
				BFE4062E27F5DBD7007F1E90 /* GCD */,
				BFE4062627F5BBC6007F1E90 /* BlockTest */,
				BFB8899427F5599500BABE54 /* MethodForward */,
				BFB87CFB27F4340A00BABE54 /* Category */,
				BF28E1DD279A546C0054E838 /* AppDelegate.h */,
				BF28E1DE279A546C0054E838 /* AppDelegate.m */,
				BF28E1E0279A546C0054E838 /* SceneDelegate.h */,
				BF28E1E1279A546C0054E838 /* SceneDelegate.m */,
				BF28E1E3279A546C0054E838 /* ViewController.h */,
				BF28E1E4279A546C0054E838 /* ViewController.m */,
				BF07BEB4279F9F22005B323A /* IndexViewController.h */,
				BF07BEB5279F9F22005B323A /* IndexViewController.m */,
				BF07BEB7279FA01B005B323A /* BaseViewController.h */,
				BF07BEB8279FA01B005B323A /* BaseViewController.m */,
				BF07BEBE279FA67B005B323A /* KeyBoard */,
				BF07BEBA279FA082005B323A /* CoreText */,
				BF28E1E6279A546C0054E838 /* Main.storyboard */,
				BF28E1E9279A546E0054E838 /* Assets.xcassets */,
				BF28E1EB279A546E0054E838 /* LaunchScreen.storyboard */,
				BF28E1EE279A546E0054E838 /* Info.plist */,
				BF28E1EF279A546E0054E838 /* main.m */,
			);
			path = Test;
			sourceTree = "<group>";
		};
		BF72447A27F847470029FCBE /* Events */ = {
			isa = PBXGroup;
			children = (
				BF72447B27F8475C0029FCBE /* EventViewController.h */,
				BF72447C27F8475C0029FCBE /* EventViewController.m */,
				BF72447E27F8477E0029FCBE /* EventView.h */,
				BF72447F27F8477E0029FCBE /* EventView.m */,
			);
			path = Events;
			sourceTree = "<group>";
		};
		BF72448127F856F20029FCBE /* ViewReusePool */ = {
			isa = PBXGroup;
			children = (
				BF72448227F857060029FCBE /* ViewReusePool.h */,
				BF72448327F857060029FCBE /* ViewReusePool.m */,
				BF72448527F857440029FCBE /* IndexedTableView.h */,
				BF72448627F857440029FCBE /* IndexedTableView.m */,
				BF72448827F857730029FCBE /* ViewReusePoolViewController.h */,
				BF72448927F857730029FCBE /* ViewReusePoolViewController.m */,
			);
			path = ViewReusePool;
			sourceTree = "<group>";
		};
		BFB87CFB27F4340A00BABE54 /* Category */ = {
			isa = PBXGroup;
			children = (
				BFB881AC27F4592600BABE54 /* KVO */,
				BFB87CFC27F4343400BABE54 /* CategoryController.h */,
				BFB87CFD27F4343400BABE54 /* CategoryController.m */,
				BFB87CFF27F4345500BABE54 /* CategoryObject.h */,
				BFB87D0027F4345500BABE54 /* CategoryObject.m */,
				BFB87D0227F4347C00BABE54 /* CategoryObject+AMethod.h */,
				BFB87D0327F4347C00BABE54 /* CategoryObject+AMethod.m */,
				BFE4062B27F5C76D007F1E90 /* UIViewController+color.h */,
				BFE4062C27F5C76D007F1E90 /* UIViewController+color.m */,
				BFE4062A27F5C750007F1E90 /* New Group */,
			);
			path = Category;
			sourceTree = "<group>";
		};
		BFB881AC27F4592600BABE54 /* KVO */ = {
			isa = PBXGroup;
			children = (
				BFB881AD27F4594900BABE54 /* TestKVOViewController.h */,
				BFB881AE27F4594900BABE54 /* TestKVOViewController.m */,
				BFB881B027F45CC200BABE54 /* TestKVObject.h */,
				BFB881B127F45CC200BABE54 /* TestKVObject.m */,
				BFB8899127F5492100BABE54 /* NSObject+Hello.h */,
				BFB8899227F5492100BABE54 /* NSObject+Hello.m */,
			);
			path = KVO;
			sourceTree = "<group>";
		};
		BFB8899427F5599500BABE54 /* MethodForward */ = {
			isa = PBXGroup;
			children = (
				BFB8899527F559E600BABE54 /* MethodForwardViewController.h */,
				BFB8899627F559E600BABE54 /* MethodForwardViewController.m */,
				BFB8899827F55BEE00BABE54 /* MethodForwardTarget.h */,
				BFB8899927F55BEE00BABE54 /* MethodForwardTarget.m */,
			);
			path = MethodForward;
			sourceTree = "<group>";
		};
		BFE4062627F5BBC6007F1E90 /* BlockTest */ = {
			isa = PBXGroup;
			children = (
				BFE4062727F5BBE8007F1E90 /* BlockTestViewController.h */,
				BFE4062827F5BBE8007F1E90 /* BlockTestViewController.m */,
			);
			path = BlockTest;
			sourceTree = "<group>";
		};
		BFE4062A27F5C750007F1E90 /* New Group */ = {
			isa = PBXGroup;
			children = (
			);
			path = "New Group";
			sourceTree = "<group>";
		};
		BFE4062E27F5DBD7007F1E90 /* GCD */ = {
			isa = PBXGroup;
			children = (
				BFE4062F27F5DBEA007F1E90 /* GCDViewController.h */,
				BFE4063027F5DBEA007F1E90 /* GCDViewController.m */,
			);
			path = GCD;
			sourceTree = "<group>";
		};
		BFE4063227F6A047007F1E90 /* Lock */ = {
			isa = PBXGroup;
			children = (
				BFE4063327F6A060007F1E90 /* LockViewController.h */,
				BFE4063427F6A060007F1E90 /* LockViewController.m */,
			);
			path = Lock;
			sourceTree = "<group>";
		};
		BFE40DD727F6D5F5007F1E90 /* RunLoop */ = {
			isa = PBXGroup;
			children = (
				BFE40DD827F6D612007F1E90 /* RunLoopViewController.h */,
				BFE40DD927F6D612007F1E90 /* RunLoopViewController.m */,
			);
			path = RunLoop;
			sourceTree = "<group>";
		};
		D3E63547DC370C4FE395CBB7 /* Pods */ = {
			isa = PBXGroup;
			children = (
				7A9AF2D05EBFD6C6C3A9A37A /* Pods-Test.debug.xcconfig */,
				DFC30AB3A755FC7F452140A0 /* Pods-Test.release.xcconfig */,
			);
			path = Pods;
			sourceTree = "<group>";
		};
/* End PBXGroup section */

/* Begin PBXNativeTarget section */
		BF28E1D9279A546C0054E838 /* Test */ = {
			isa = PBXNativeTarget;
			buildConfigurationList = BF28E1F3279A546E0054E838 /* Build configuration list for PBXNativeTarget "Test" */;
			buildPhases = (
				213CB8BB9D9279B40CFFF9F6 /* [CP] Check Pods Manifest.lock */,
				BF28E1D6279A546C0054E838 /* Sources */,
				BF28E1D7279A546C0054E838 /* Frameworks */,
				BF28E1D8279A546C0054E838 /* Resources */,
			);
			buildRules = (
			);
			dependencies = (
			);
			name = Test;
			productName = Test;
			productReference = BF28E1DA279A546C0054E838 /* Test.app */;
			productType = "com.apple.product-type.application";
		};
/* End PBXNativeTarget section */

/* Begin PBXProject section */
		BF28E1D2279A546C0054E838 /* Project object */ = {
			isa = PBXProject;
			attributes = {
				BuildIndependentTargetsInParallel = 1;
				LastUpgradeCheck = 1320;
				TargetAttributes = {
					BF28E1D9279A546C0054E838 = {
						CreatedOnToolsVersion = 13.2.1;
					};
				};
			};
			buildConfigurationList = BF28E1D5279A546C0054E838 /* Build configuration list for PBXProject "Test" */;
			compatibilityVersion = "Xcode 13.0";
			developmentRegion = en;
			hasScannedForEncodings = 0;
			knownRegions = (
				en,
				Base,
			);
			mainGroup = BF28E1D1279A546C0054E838;
			productRefGroup = BF28E1DB279A546C0054E838 /* Products */;
			projectDirPath = "";
			projectRoot = "";
			targets = (
				BF28E1D9279A546C0054E838 /* Test */,
			);
		};
/* End PBXProject section */

/* Begin PBXResourcesBuildPhase section */
		BF28E1D8279A546C0054E838 /* Resources */ = {
			isa = PBXResourcesBuildPhase;
			buildActionMask = 2147483647;
			files = (
				BF28E1ED279A546E0054E838 /* LaunchScreen.storyboard in Resources */,
				BF28E1EA279A546E0054E838 /* Assets.xcassets in Resources */,
				BF28E1E8279A546C0054E838 /* Main.storyboard in Resources */,
			);
			runOnlyForDeploymentPostprocessing = 0;
		};
/* End PBXResourcesBuildPhase section */

/* Begin PBXShellScriptBuildPhase section */
		213CB8BB9D9279B40CFFF9F6 /* [CP] Check Pods Manifest.lock */ = {
			isa = PBXShellScriptBuildPhase;
			buildActionMask = 2147483647;
			files = (
			);
			inputFileListPaths = (
			);
			inputPaths = (
				"${PODS_PODFILE_DIR_PATH}/Podfile.lock",
				"${PODS_ROOT}/Manifest.lock",
			);
			name = "[CP] Check Pods Manifest.lock";
			outputFileListPaths = (
			);
			outputPaths = (
				"$(DERIVED_FILE_DIR)/Pods-Test-checkManifestLockResult.txt",
			);
			runOnlyForDeploymentPostprocessing = 0;
			shellPath = /bin/sh;
			shellScript = "diff \"${PODS_PODFILE_DIR_PATH}/Podfile.lock\" \"${PODS_ROOT}/Manifest.lock\" > /dev/null\nif [ $? != 0 ] ; then\n    # print error to STDERR\n    echo \"error: The sandbox is not in sync with the Podfile.lock. Run 'pod install' or update your CocoaPods installation.\" >&2\n    exit 1\nfi\n# This output is used by Xcode 'outputs' to avoid re-running this script phase.\necho \"SUCCESS\" > \"${SCRIPT_OUTPUT_FILE_0}\"\n";
			showEnvVarsInLog = 0;
		};
/* End PBXShellScriptBuildPhase section */

/* Begin PBXSourcesBuildPhase section */
		BF28E1D6279A546C0054E838 /* Sources */ = {
			isa = PBXSourcesBuildPhase;
			buildActionMask = 2147483647;
			files = (
				BF07BEB3279F9C37005B323A /* TextViewController.m in Sources */,
				BFB87D0427F4347C00BABE54 /* CategoryObject+AMethod.m in Sources */,
				BFB87CFE27F4343400BABE54 /* CategoryController.m in Sources */,
				BFE4063127F5DBEA007F1E90 /* GCDViewController.m in Sources */,
				BFB881AF27F4594900BABE54 /* TestKVOViewController.m in Sources */,
				BF28E1E5279A546C0054E838 /* ViewController.m in Sources */,
				BF28E1DF279A546C0054E838 /* AppDelegate.m in Sources */,
				BF07BEBD279FA1E3005B323A /* KeyBoardViewController.m in Sources */,
				BF72448427F857060029FCBE /* ViewReusePool.m in Sources */,
				BFB8899A27F55BEE00BABE54 /* MethodForwardTarget.m in Sources */,
				BFB87D0127F4345600BABE54 /* CategoryObject.m in Sources */,
				BF28E1F0279A546E0054E838 /* main.m in Sources */,
				BFE4062927F5BBE8007F1E90 /* BlockTestViewController.m in Sources */,
				BFE4062D27F5C76D007F1E90 /* UIViewController+color.m in Sources */,
				BFB881B227F45CC200BABE54 /* TestKVObject.m in Sources */,
				BF72448727F857440029FCBE /* IndexedTableView.m in Sources */,
				BF72447D27F8475C0029FCBE /* EventViewController.m in Sources */,
				BFB8899327F5492100BABE54 /* NSObject+Hello.m in Sources */,
				BF72448A27F857730029FCBE /* ViewReusePoolViewController.m in Sources */,
				BF28E1E2279A546C0054E838 /* SceneDelegate.m in Sources */,
				BF07BEB9279FA01B005B323A /* BaseViewController.m in Sources */,
				BFB8899727F559E600BABE54 /* MethodForwardViewController.m in Sources */,
				BF72448027F8477E0029FCBE /* EventView.m in Sources */,
				BFE40DDA27F6D613007F1E90 /* RunLoopViewController.m in Sources */,
				BF07BEC1279FA778005B323A /* TextShowView.m in Sources */,
				BFE4063527F6A060007F1E90 /* LockViewController.m in Sources */,
				BF07BEB6279F9F22005B323A /* IndexViewController.m in Sources */,
			);
			runOnlyForDeploymentPostprocessing = 0;
		};
/* End PBXSourcesBuildPhase section */

/* Begin PBXVariantGroup section */
		BF28E1E6279A546C0054E838 /* Main.storyboard */ = {
			isa = PBXVariantGroup;
			children = (
				BF28E1E7279A546C0054E838 /* Base */,
			);
			name = Main.storyboard;
			sourceTree = "<group>";
		};
		BF28E1EB279A546E0054E838 /* LaunchScreen.storyboard */ = {
			isa = PBXVariantGroup;
			children = (
				BF28E1EC279A546E0054E838 /* Base */,
			);
			name = LaunchScreen.storyboard;
			sourceTree = "<group>";
		};
/* End PBXVariantGroup section */

/* Begin XCBuildConfiguration section */
		BF28E1F1279A546E0054E838 /* Debug */ = {
			isa = XCBuildConfiguration;
			buildSettings = {
				ALWAYS_SEARCH_USER_PATHS = NO;
				CLANG_ANALYZER_NONNULL = YES;
				CLANG_ANALYZER_NUMBER_OBJECT_CONVERSION = YES_AGGRESSIVE;
				CLANG_CXX_LANGUAGE_STANDARD = "gnu++17";
				CLANG_CXX_LIBRARY = "libc++";
				CLANG_ENABLE_MODULES = YES;
				CLANG_ENABLE_OBJC_ARC = YES;
				CLANG_ENABLE_OBJC_WEAK = YES;
				CLANG_WARN_BLOCK_CAPTURE_AUTORELEASING = YES;
				CLANG_WARN_BOOL_CONVERSION = YES;
				CLANG_WARN_COMMA = YES;
				CLANG_WARN_CONSTANT_CONVERSION = YES;
				CLANG_WARN_DEPRECATED_OBJC_IMPLEMENTATIONS = YES;
				CLANG_WARN_DIRECT_OBJC_ISA_USAGE = YES_ERROR;
				CLANG_WARN_DOCUMENTATION_COMMENTS = YES;
				CLANG_WARN_EMPTY_BODY = YES;
				CLANG_WARN_ENUM_CONVERSION = YES;
				CLANG_WARN_INFINITE_RECURSION = YES;
				CLANG_WARN_INT_CONVERSION = YES;
				CLANG_WARN_NON_LITERAL_NULL_CONVERSION = YES;
				CLANG_WARN_OBJC_IMPLICIT_RETAIN_SELF = YES;
				CLANG_WARN_OBJC_LITERAL_CONVERSION = YES;
				CLANG_WARN_OBJC_ROOT_CLASS = YES_ERROR;
				CLANG_WARN_QUOTED_INCLUDE_IN_FRAMEWORK_HEADER = YES;
				CLANG_WARN_RANGE_LOOP_ANALYSIS = YES;
				CLANG_WARN_STRICT_PROTOTYPES = YES;
				CLANG_WARN_SUSPICIOUS_MOVE = YES;
				CLANG_WARN_UNGUARDED_AVAILABILITY = YES_AGGRESSIVE;
				CLANG_WARN_UNREACHABLE_CODE = YES;
				CLANG_WARN__DUPLICATE_METHOD_MATCH = YES;
				COPY_PHASE_STRIP = NO;
				DEBUG_INFORMATION_FORMAT = dwarf;
				ENABLE_STRICT_OBJC_MSGSEND = YES;
				ENABLE_TESTABILITY = YES;
				GCC_C_LANGUAGE_STANDARD = gnu11;
				GCC_DYNAMIC_NO_PIC = NO;
				GCC_NO_COMMON_BLOCKS = YES;
				GCC_OPTIMIZATION_LEVEL = 0;
				GCC_PREPROCESSOR_DEFINITIONS = (
					"DEBUG=1",
					"$(inherited)",
				);
				GCC_WARN_64_TO_32_BIT_CONVERSION = YES;
				GCC_WARN_ABOUT_RETURN_TYPE = YES_ERROR;
				GCC_WARN_UNDECLARED_SELECTOR = YES;
				GCC_WARN_UNINITIALIZED_AUTOS = YES_AGGRESSIVE;
				GCC_WARN_UNUSED_FUNCTION = YES;
				GCC_WARN_UNUSED_VARIABLE = YES;
				IPHONEOS_DEPLOYMENT_TARGET = 9.0;
				MTL_ENABLE_DEBUG_INFO = INCLUDE_SOURCE;
				MTL_FAST_MATH = YES;
				ONLY_ACTIVE_ARCH = YES;
				SDKROOT = iphoneos;
			};
			name = Debug;
		};
		BF28E1F2279A546E0054E838 /* Release */ = {
			isa = XCBuildConfiguration;
			buildSettings = {
				ALWAYS_SEARCH_USER_PATHS = NO;
				CLANG_ANALYZER_NONNULL = YES;
				CLANG_ANALYZER_NUMBER_OBJECT_CONVERSION = YES_AGGRESSIVE;
				CLANG_CXX_LANGUAGE_STANDARD = "gnu++17";
				CLANG_CXX_LIBRARY = "libc++";
				CLANG_ENABLE_MODULES = YES;
				CLANG_ENABLE_OBJC_ARC = YES;
				CLANG_ENABLE_OBJC_WEAK = YES;
				CLANG_WARN_BLOCK_CAPTURE_AUTORELEASING = YES;
				CLANG_WARN_BOOL_CONVERSION = YES;
				CLANG_WARN_COMMA = YES;
				CLANG_WARN_CONSTANT_CONVERSION = YES;
				CLANG_WARN_DEPRECATED_OBJC_IMPLEMENTATIONS = YES;
				CLANG_WARN_DIRECT_OBJC_ISA_USAGE = YES_ERROR;
				CLANG_WARN_DOCUMENTATION_COMMENTS = YES;
				CLANG_WARN_EMPTY_BODY = YES;
				CLANG_WARN_ENUM_CONVERSION = YES;
				CLANG_WARN_INFINITE_RECURSION = YES;
				CLANG_WARN_INT_CONVERSION = YES;
				CLANG_WARN_NON_LITERAL_NULL_CONVERSION = YES;
				CLANG_WARN_OBJC_IMPLICIT_RETAIN_SELF = YES;
				CLANG_WARN_OBJC_LITERAL_CONVERSION = YES;
				CLANG_WARN_OBJC_ROOT_CLASS = YES_ERROR;
				CLANG_WARN_QUOTED_INCLUDE_IN_FRAMEWORK_HEADER = YES;
				CLANG_WARN_RANGE_LOOP_ANALYSIS = YES;
				CLANG_WARN_STRICT_PROTOTYPES = YES;
				CLANG_WARN_SUSPICIOUS_MOVE = YES;
				CLANG_WARN_UNGUARDED_AVAILABILITY = YES_AGGRESSIVE;
				CLANG_WARN_UNREACHABLE_CODE = YES;
				CLANG_WARN__DUPLICATE_METHOD_MATCH = YES;
				COPY_PHASE_STRIP = NO;
				DEBUG_INFORMATION_FORMAT = "dwarf-with-dsym";
				ENABLE_NS_ASSERTIONS = NO;
				ENABLE_STRICT_OBJC_MSGSEND = YES;
				GCC_C_LANGUAGE_STANDARD = gnu11;
				GCC_NO_COMMON_BLOCKS = YES;
				GCC_WARN_64_TO_32_BIT_CONVERSION = YES;
				GCC_WARN_ABOUT_RETURN_TYPE = YES_ERROR;
				GCC_WARN_UNDECLARED_SELECTOR = YES;
				GCC_WARN_UNINITIALIZED_AUTOS = YES_AGGRESSIVE;
				GCC_WARN_UNUSED_FUNCTION = YES;
				GCC_WARN_UNUSED_VARIABLE = YES;
				IPHONEOS_DEPLOYMENT_TARGET = 9.0;
				MTL_ENABLE_DEBUG_INFO = NO;
				MTL_FAST_MATH = YES;
				SDKROOT = iphoneos;
				VALIDATE_PRODUCT = YES;
			};
			name = Release;
		};
		BF28E1F4279A546E0054E838 /* Debug */ = {
			isa = XCBuildConfiguration;
			baseConfigurationReference = 7A9AF2D05EBFD6C6C3A9A37A /* Pods-Test.debug.xcconfig */;
			buildSettings = {
				ASSETCATALOG_COMPILER_APPICON_NAME = AppIcon;
				ASSETCATALOG_COMPILER_GLOBAL_ACCENT_COLOR_NAME = AccentColor;
				CODE_SIGN_STYLE = Automatic;
				CURRENT_PROJECT_VERSION = 1;
				DEVELOPMENT_TEAM = 7BM224Q2NE;
				GENERATE_INFOPLIST_FILE = YES;
				INFOPLIST_FILE = Test/Info.plist;
				INFOPLIST_KEY_UIApplicationSupportsIndirectInputEvents = YES;
				INFOPLIST_KEY_UILaunchStoryboardName = LaunchScreen;
				INFOPLIST_KEY_UIMainStoryboardFile = Main;
				INFOPLIST_KEY_UISupportedInterfaceOrientations_iPad = "UIInterfaceOrientationPortrait UIInterfaceOrientationPortraitUpsideDown UIInterfaceOrientationLandscapeLeft UIInterfaceOrientationLandscapeRight";
				INFOPLIST_KEY_UISupportedInterfaceOrientations_iPhone = "UIInterfaceOrientationPortrait UIInterfaceOrientationLandscapeLeft UIInterfaceOrientationLandscapeRight";
				LD_RUNPATH_SEARCH_PATHS = (
					"$(inherited)",
					"@executable_path/Frameworks",
				);
				MARKETING_VERSION = 1.0;
				PRODUCT_BUNDLE_IDENTIFIER = wq.Test;
				PRODUCT_NAME = "$(TARGET_NAME)";
				SWIFT_EMIT_LOC_STRINGS = YES;
				TARGETED_DEVICE_FAMILY = "1,2";
			};
			name = Debug;
		};
		BF28E1F5279A546E0054E838 /* Release */ = {
			isa = XCBuildConfiguration;
			baseConfigurationReference = DFC30AB3A755FC7F452140A0 /* Pods-Test.release.xcconfig */;
			buildSettings = {
				ASSETCATALOG_COMPILER_APPICON_NAME = AppIcon;
				ASSETCATALOG_COMPILER_GLOBAL_ACCENT_COLOR_NAME = AccentColor;
				CODE_SIGN_STYLE = Automatic;
				CURRENT_PROJECT_VERSION = 1;
				DEVELOPMENT_TEAM = 7BM224Q2NE;
				GENERATE_INFOPLIST_FILE = YES;
				INFOPLIST_FILE = Test/Info.plist;
				INFOPLIST_KEY_UIApplicationSupportsIndirectInputEvents = YES;
				INFOPLIST_KEY_UILaunchStoryboardName = LaunchScreen;
				INFOPLIST_KEY_UIMainStoryboardFile = Main;
				INFOPLIST_KEY_UISupportedInterfaceOrientations_iPad = "UIInterfaceOrientationPortrait UIInterfaceOrientationPortraitUpsideDown UIInterfaceOrientationLandscapeLeft UIInterfaceOrientationLandscapeRight";
				INFOPLIST_KEY_UISupportedInterfaceOrientations_iPhone = "UIInterfaceOrientationPortrait UIInterfaceOrientationLandscapeLeft UIInterfaceOrientationLandscapeRight";
				LD_RUNPATH_SEARCH_PATHS = (
					"$(inherited)",
					"@executable_path/Frameworks",
				);
				MARKETING_VERSION = 1.0;
				PRODUCT_BUNDLE_IDENTIFIER = wq.Test;
				PRODUCT_NAME = "$(TARGET_NAME)";
				SWIFT_EMIT_LOC_STRINGS = YES;
				TARGETED_DEVICE_FAMILY = "1,2";
			};
			name = Release;
		};
/* End XCBuildConfiguration section */

/* Begin XCConfigurationList section */
		BF28E1D5279A546C0054E838 /* Build configuration list for PBXProject "Test" */ = {
			isa = XCConfigurationList;
			buildConfigurations = (
				BF28E1F1279A546E0054E838 /* Debug */,
				BF28E1F2279A546E0054E838 /* Release */,
			);
			defaultConfigurationIsVisible = 0;
			defaultConfigurationName = Release;
		};
		BF28E1F3279A546E0054E838 /* Build configuration list for PBXNativeTarget "Test" */ = {
			isa = XCConfigurationList;
			buildConfigurations = (
				BF28E1F4279A546E0054E838 /* Debug */,
				BF28E1F5279A546E0054E838 /* Release */,
			);
			defaultConfigurationIsVisible = 0;
			defaultConfigurationName = Release;
		};
/* End XCConfigurationList section */
	};
	rootObject = BF28E1D2279A546C0054E838 /* Project object */;
}
