PODS:
  - IGListDiffKit (4.0.0)
  - IGListKit (4.0.0):
    - IGListDiffKit (= 4.0.0)
  - Masonry (1.1.0)
  - SDWebImage (5.13.4):
    - SDWebImage/Core (= 5.13.4)
  - SDWebImage/Core (5.13.4)
  - Texture/Core (3.1.0)
  - Texture/IGListKit (3.1.0):
    - IGListDiffKit (~> 4.0)
    - IGListKit (~> 4.0)
    - Texture/Core

DEPENDENCIES:
  - Masonry
  - SDWebImage
  - Texture/IGListKit (= 3.1.0)

SPEC REPOS:
  trunk:
    - IGListDiffKit
    - IGListKit
    - Masonry
    - SDWebImage
    - Texture

SPEC CHECKSUMS:
  IGListDiffKit: 665d6cf43ce726e676013db9c7d6c4294259b6b2
  IGListKit: fd5a5d21935298f5849fa49d426843cff97b77c7
  Masonry: 678fab65091a9290e40e2832a55e7ab731aad201
  SDWebImage: e5cc87bf736e60f49592f307bdf9e157189298a3
  Texture: 2e8ab2519452515f7f5a520f5a8f7e0a413abfa3

PODFILE CHECKSUM: 01769e718509011f77950bc98904d01343d4b54b

COCOAPODS: 1.12.1
